<?xml version="1.0" encoding="UTF-8"?>
<Project ToolsVersion="4.0" xmlns="http://schemas.microsoft.com/developer/msbuild/2003">
  <ItemGroup>
    <CustomBuild Include="H:\standalone\build-algo\CMakeFiles\fd02ad702036ba22e16fe4a9aa00bb6f\INSTALL_force.rule">
      <Filter>CMake Rules</Filter>
    </CustomBuild>
  </ItemGroup>
  <ItemGroup>
    <Filter Include="CMake Rules">
      <UniqueIdentifier>{5769CF4C-9E73-43C0-8D83-748B173A6DD9}</UniqueIdentifier>
    </Filter>
  </ItemGroup>
</Project>
