Microsoft Visual Studio Solution File, Format Version 12.00
# Visual Studio 2012
Project("{8BC9CEB8-8B4A-11D0-8D11-00A0C91BC942}") = "ALL_BUILD", "ALL_BUILD.vcxproj", "{B8152D4B-1AD0-4BFE-9F1C-8C72CBEFBCDD}"
	ProjectSection(ProjectDependencies) = postProject
		{C45F93DC-2455-4BA2-9EEF-E04BCE13C94E} = {C45F93DC-2455-4BA2-9EEF-E04BCE13C94E}
		{A5515AE5-BAC0-4B25-ABC8-88293F935D24} = {A5515AE5-BAC0-4B25-ABC8-88293F935D24}
	EndProjectSection
EndProject
Project("{8BC9CEB8-8B4A-11D0-8D11-00A0C91BC942}") = "INSTALL", "INSTALL.vcxproj", "{170C93F5-4510-4757-A52C-232C4202C9D1}"
	ProjectSection(ProjectDependencies) = postProject
		{B8152D4B-1AD0-4BFE-9F1C-8C72CBEFBCDD} = {B8152D4B-1AD0-4BFE-9F1C-8C72CBEFBCDD}
	EndProjectSection
EndProject
Project("{8BC9CEB8-8B4A-11D0-8D11-00A0C91BC942}") = "ZERO_CHECK", "ZERO_CHECK.vcxproj", "{C45F93DC-2455-4BA2-9EEF-E04BCE13C94E}"
	ProjectSection(ProjectDependencies) = postProject
	EndProjectSection
EndProject
Project("{8BC9CEB8-8B4A-11D0-8D11-00A0C91BC942}") = "jvxMyHost", "jvxMyHost\jvxMyHost.vcxproj", "{A5515AE5-BAC0-4B25-ABC8-88293F935D24}"
	ProjectSection(ProjectDependencies) = postProject
		{C45F93DC-2455-4BA2-9EEF-E04BCE13C94E} = {C45F93DC-2455-4BA2-9EEF-E04BCE13C94E}
	EndProjectSection
EndProject
Global
	GlobalSection(SolutionConfigurationPlatforms) = preSolution
		Debug|x64 = Debug|x64
		Release|x64 = Release|x64
		MinSizeRel|x64 = MinSizeRel|x64
		RelWithDebInfo|x64 = RelWithDebInfo|x64
	EndGlobalSection
	GlobalSection(ProjectConfigurationPlatforms) = postSolution
		{B8152D4B-1AD0-4BFE-9F1C-8C72CBEFBCDD}.Debug|x64.ActiveCfg = Debug|x64
		{B8152D4B-1AD0-4BFE-9F1C-8C72CBEFBCDD}.Debug|x64.Build.0 = Debug|x64
		{B8152D4B-1AD0-4BFE-9F1C-8C72CBEFBCDD}.Release|x64.ActiveCfg = Release|x64
		{B8152D4B-1AD0-4BFE-9F1C-8C72CBEFBCDD}.Release|x64.Build.0 = Release|x64
		{B8152D4B-1AD0-4BFE-9F1C-8C72CBEFBCDD}.MinSizeRel|x64.ActiveCfg = MinSizeRel|x64
		{B8152D4B-1AD0-4BFE-9F1C-8C72CBEFBCDD}.MinSizeRel|x64.Build.0 = MinSizeRel|x64
		{B8152D4B-1AD0-4BFE-9F1C-8C72CBEFBCDD}.RelWithDebInfo|x64.ActiveCfg = RelWithDebInfo|x64
		{B8152D4B-1AD0-4BFE-9F1C-8C72CBEFBCDD}.RelWithDebInfo|x64.Build.0 = RelWithDebInfo|x64
		{170C93F5-4510-4757-A52C-232C4202C9D1}.Debug|x64.ActiveCfg = Debug|x64
		{170C93F5-4510-4757-A52C-232C4202C9D1}.Release|x64.ActiveCfg = Release|x64
		{170C93F5-4510-4757-A52C-232C4202C9D1}.MinSizeRel|x64.ActiveCfg = MinSizeRel|x64
		{170C93F5-4510-4757-A52C-232C4202C9D1}.RelWithDebInfo|x64.ActiveCfg = RelWithDebInfo|x64
		{C45F93DC-2455-4BA2-9EEF-E04BCE13C94E}.Debug|x64.ActiveCfg = Debug|x64
		{C45F93DC-2455-4BA2-9EEF-E04BCE13C94E}.Debug|x64.Build.0 = Debug|x64
		{C45F93DC-2455-4BA2-9EEF-E04BCE13C94E}.Release|x64.ActiveCfg = Release|x64
		{C45F93DC-2455-4BA2-9EEF-E04BCE13C94E}.Release|x64.Build.0 = Release|x64
		{C45F93DC-2455-4BA2-9EEF-E04BCE13C94E}.MinSizeRel|x64.ActiveCfg = MinSizeRel|x64
		{C45F93DC-2455-4BA2-9EEF-E04BCE13C94E}.MinSizeRel|x64.Build.0 = MinSizeRel|x64
		{C45F93DC-2455-4BA2-9EEF-E04BCE13C94E}.RelWithDebInfo|x64.ActiveCfg = RelWithDebInfo|x64
		{C45F93DC-2455-4BA2-9EEF-E04BCE13C94E}.RelWithDebInfo|x64.Build.0 = RelWithDebInfo|x64
		{A5515AE5-BAC0-4B25-ABC8-88293F935D24}.Debug|x64.ActiveCfg = Debug|x64
		{A5515AE5-BAC0-4B25-ABC8-88293F935D24}.Debug|x64.Build.0 = Debug|x64
		{A5515AE5-BAC0-4B25-ABC8-88293F935D24}.Release|x64.ActiveCfg = Release|x64
		{A5515AE5-BAC0-4B25-ABC8-88293F935D24}.Release|x64.Build.0 = Release|x64
		{A5515AE5-BAC0-4B25-ABC8-88293F935D24}.MinSizeRel|x64.ActiveCfg = MinSizeRel|x64
		{A5515AE5-BAC0-4B25-ABC8-88293F935D24}.MinSizeRel|x64.Build.0 = MinSizeRel|x64
		{A5515AE5-BAC0-4B25-ABC8-88293F935D24}.RelWithDebInfo|x64.ActiveCfg = RelWithDebInfo|x64
		{A5515AE5-BAC0-4B25-ABC8-88293F935D24}.RelWithDebInfo|x64.Build.0 = RelWithDebInfo|x64
	EndGlobalSection
	GlobalSection(ExtensibilityGlobals) = postSolution
	EndGlobalSection
	GlobalSection(ExtensibilityAddIns) = postSolution
	EndGlobalSection
EndGlobal
