<?xml version="1.0" encoding="UTF-8"?>
<Project ToolsVersion="4.0" xmlns="http://schemas.microsoft.com/developer/msbuild/2003">
  <ItemGroup>
    <ClCompile Include="H:\standalone\env-dbg\sdk\software\templates\jvxHosts\qt-host-ui-extensions\mainCentral.cpp">
      <Filter>Source Files</Filter>
    </ClCompile>
    <ClCompile Include="H:\standalone\project\jvxMyHost\src\jvxAudioHost_hooks.cpp">
      <Filter>Source Files</Filter>
    </ClCompile>
    <ClCompile Include="H:\standalone\project\jvxMyHost\src\myCentralWidget.cpp">
      <Filter>Source Files</Filter>
    </ClCompile>
    <ClCompile Include="H:\standalone\build-host\jvxMyHost\qrc_jvxMyNewHost.cpp">
      <Filter>Source Files</Filter>
    </ClCompile>
    <ClCompile Include="H:\standalone\build-host\jvxMyHost\jvxMyHost_automoc.cpp">
      <Filter>Source Files</Filter>
    </ClCompile>
  </ItemGroup>
  <ItemGroup>
    <ClInclude Include="H:\standalone\build-host\jvxMyHost\ui_myMainWidget.h">
      <Filter>Header Files</Filter>
    </ClInclude>
  </ItemGroup>
  <ItemGroup>
    <CustomBuild Include="H:\standalone\project\jvxMyHost\CMakeLists.txt" />
    <CustomBuild Include="H:\standalone\project\jvxMyHost\uisrc\jvxMyNewHost.qrc" />
    <CustomBuild Include="H:\standalone\project\jvxMyHost\uisrc\myMainWidget.ui" />
  </ItemGroup>
  <ItemGroup>
    <Filter Include="Source Files">
      <UniqueIdentifier>{71D14684-62A6-45E5-BCBA-D97A4A35BE5D}</UniqueIdentifier>
    </Filter>
    <Filter Include="Header Files">
      <UniqueIdentifier>{49D17A35-A204-4065-963E-9D7A97FCE931}</UniqueIdentifier>
    </Filter>
  </ItemGroup>
</Project>
